
Microsoft Visual Studio Solution File, Format Version 12.00
# Visual Studio 15
VisualStudioVersion = 15.0.28307.421
MinimumVisualStudioVersion = 10.0.40219.1
Project("{9A19103F-16F7-4668-BE54-9A1E7A4F7556}") = "LionServer.Serivces.API", "WebApi\Lion.WebAPI\LionServer.Serivces.API.csproj", "{BA0C4B5C-A405-4192-919A-F775CC5DF1A0}"
EndProject
Project("{9A19103F-16F7-4668-BE54-9A1E7A4F7556}") = "LionServer.Repository", "Domain\LionServer.Repository\LionServer.Repository.csproj", "{579A5D1D-1CA7-4193-AB2F-D831F0A48BEE}"
EndProject
Project("{2150E333-8FDC-42A3-9474-1A3956D46DE8}") = "Domain", "Domain", "{7F938A2A-7C8D-4D91-A435-390A2C779492}"
EndProject
Project("{9A19103F-16F7-4668-BE54-9A1E7A4F7556}") = "LionServer.Entity", "Domain\LionServer.Entity\LionServer.Entity.csproj", "{4832022F-D4EA-41A0-A19A-3340D57508C0}"
EndProject
Project("{FAE04EC0-301F-11D3-BF4B-00C04F79EFBC}") = "LionServer.Application", "LionServer.Application\LionServer.Application.csproj", "{C0638035-C201-48F5-A688-A7496371AD76}"
EndProject
Project("{FAE04EC0-301F-11D3-BF4B-00C04F79EFBC}") = "LionServer.Domain", "LionServer.Domain\LionServer.Domain.csproj", "{DA75DB29-021F-46D2-8927-C8517EF49B18}"
EndProject
Project("{FAE04EC0-301F-11D3-BF4B-00C04F79EFBC}") = "LionServer.Domain.Core", "LionServer.Domain.Core\LionServer.Domain.Core.csproj", "{D91DA1F6-DB45-4B8B-A149-495C7A350C0B}"
EndProject
Project("{2150E333-8FDC-42A3-9474-1A3956D46DE8}") = "Infra", "Infra", "{07881521-D8A0-4951-AE22-C3359980E255}"
EndProject
Project("{2150E333-8FDC-42A3-9474-1A3956D46DE8}") = "Data", "Data", "{2CC86272-C76F-4EA0-9BBE-952C90387068}"
EndProject
Project("{2150E333-8FDC-42A3-9474-1A3956D46DE8}") = "CrossCutting", "CrossCutting", "{2C1FBF4D-56A8-4E1C-885F-CA0676F70429}"
EndProject
Project("{FAE04EC0-301F-11D3-BF4B-00C04F79EFBC}") = "LionServer.Infra.CrossCutting.Bus", "LionServer.Infra.CrossCutting.Bus\LionServer.Infra.CrossCutting.Bus.csproj", "{C96833EA-5349-4660-BB45-0326335660F8}"
EndProject
Project("{FAE04EC0-301F-11D3-BF4B-00C04F79EFBC}") = "LionServer.Infra.Data", "LionServer.Infra.Data\LionServer.Infra.Data.csproj", "{472F46CA-F99D-484A-AAF6-457696FA48D2}"
EndProject
Project("{FAE04EC0-301F-11D3-BF4B-00C04F79EFBC}") = "LionServer.Infra.CrossCutting.IoC", "LionServer.Infra.CrossCutting.IoC\LionServer.Infra.CrossCutting.IoC.csproj", "{6FE086FF-8440-41B3-A3C2-A5D7E810C0B7}"
EndProject
Project("{2150E333-8FDC-42A3-9474-1A3956D46DE8}") = "Application", "Application", "{773E418A-4864-4B25-A174-2443C5E6B3D2}"
EndProject
Project("{2150E333-8FDC-42A3-9474-1A3956D46DE8}") = "Services", "Services", "{89225D6A-F332-4B01-B7E5-B8D616529341}"
EndProject
Global
	GlobalSection(SolutionConfigurationPlatforms) = preSolution
		Debug|Any CPU = Debug|Any CPU
		Release|Any CPU = Release|Any CPU
	EndGlobalSection
	GlobalSection(ProjectConfigurationPlatforms) = postSolution
		{BA0C4B5C-A405-4192-919A-F775CC5DF1A0}.Debug|Any CPU.ActiveCfg = Debug|Any CPU
		{BA0C4B5C-A405-4192-919A-F775CC5DF1A0}.Debug|Any CPU.Build.0 = Debug|Any CPU
		{BA0C4B5C-A405-4192-919A-F775CC5DF1A0}.Release|Any CPU.ActiveCfg = Release|Any CPU
		{BA0C4B5C-A405-4192-919A-F775CC5DF1A0}.Release|Any CPU.Build.0 = Release|Any CPU
		{579A5D1D-1CA7-4193-AB2F-D831F0A48BEE}.Debug|Any CPU.ActiveCfg = Debug|Any CPU
		{579A5D1D-1CA7-4193-AB2F-D831F0A48BEE}.Debug|Any CPU.Build.0 = Debug|Any CPU
		{579A5D1D-1CA7-4193-AB2F-D831F0A48BEE}.Release|Any CPU.ActiveCfg = Release|Any CPU
		{579A5D1D-1CA7-4193-AB2F-D831F0A48BEE}.Release|Any CPU.Build.0 = Release|Any CPU
		{4832022F-D4EA-41A0-A19A-3340D57508C0}.Debug|Any CPU.ActiveCfg = Debug|Any CPU
		{4832022F-D4EA-41A0-A19A-3340D57508C0}.Debug|Any CPU.Build.0 = Debug|Any CPU
		{4832022F-D4EA-41A0-A19A-3340D57508C0}.Release|Any CPU.ActiveCfg = Release|Any CPU
		{4832022F-D4EA-41A0-A19A-3340D57508C0}.Release|Any CPU.Build.0 = Release|Any CPU
		{C0638035-C201-48F5-A688-A7496371AD76}.Debug|Any CPU.ActiveCfg = Debug|Any CPU
		{C0638035-C201-48F5-A688-A7496371AD76}.Debug|Any CPU.Build.0 = Debug|Any CPU
		{C0638035-C201-48F5-A688-A7496371AD76}.Release|Any CPU.ActiveCfg = Release|Any CPU
		{C0638035-C201-48F5-A688-A7496371AD76}.Release|Any CPU.Build.0 = Release|Any CPU
		{DA75DB29-021F-46D2-8927-C8517EF49B18}.Debug|Any CPU.ActiveCfg = Debug|Any CPU
		{DA75DB29-021F-46D2-8927-C8517EF49B18}.Debug|Any CPU.Build.0 = Debug|Any CPU
		{DA75DB29-021F-46D2-8927-C8517EF49B18}.Release|Any CPU.ActiveCfg = Release|Any CPU
		{DA75DB29-021F-46D2-8927-C8517EF49B18}.Release|Any CPU.Build.0 = Release|Any CPU
		{D91DA1F6-DB45-4B8B-A149-495C7A350C0B}.Debug|Any CPU.ActiveCfg = Debug|Any CPU
		{D91DA1F6-DB45-4B8B-A149-495C7A350C0B}.Debug|Any CPU.Build.0 = Debug|Any CPU
		{D91DA1F6-DB45-4B8B-A149-495C7A350C0B}.Release|Any CPU.ActiveCfg = Release|Any CPU
		{D91DA1F6-DB45-4B8B-A149-495C7A350C0B}.Release|Any CPU.Build.0 = Release|Any CPU
		{C96833EA-5349-4660-BB45-0326335660F8}.Debug|Any CPU.ActiveCfg = Debug|Any CPU
		{C96833EA-5349-4660-BB45-0326335660F8}.Debug|Any CPU.Build.0 = Debug|Any CPU
		{C96833EA-5349-4660-BB45-0326335660F8}.Release|Any CPU.ActiveCfg = Release|Any CPU
		{C96833EA-5349-4660-BB45-0326335660F8}.Release|Any CPU.Build.0 = Release|Any CPU
		{472F46CA-F99D-484A-AAF6-457696FA48D2}.Debug|Any CPU.ActiveCfg = Debug|Any CPU
		{472F46CA-F99D-484A-AAF6-457696FA48D2}.Debug|Any CPU.Build.0 = Debug|Any CPU
		{472F46CA-F99D-484A-AAF6-457696FA48D2}.Release|Any CPU.ActiveCfg = Release|Any CPU
		{472F46CA-F99D-484A-AAF6-457696FA48D2}.Release|Any CPU.Build.0 = Release|Any CPU
		{6FE086FF-8440-41B3-A3C2-A5D7E810C0B7}.Debug|Any CPU.ActiveCfg = Debug|Any CPU
		{6FE086FF-8440-41B3-A3C2-A5D7E810C0B7}.Debug|Any CPU.Build.0 = Debug|Any CPU
		{6FE086FF-8440-41B3-A3C2-A5D7E810C0B7}.Release|Any CPU.ActiveCfg = Release|Any CPU
		{6FE086FF-8440-41B3-A3C2-A5D7E810C0B7}.Release|Any CPU.Build.0 = Release|Any CPU
	EndGlobalSection
	GlobalSection(SolutionProperties) = preSolution
		HideSolutionNode = FALSE
	EndGlobalSection
	GlobalSection(NestedProjects) = preSolution
		{BA0C4B5C-A405-4192-919A-F775CC5DF1A0} = {89225D6A-F332-4B01-B7E5-B8D616529341}
		{579A5D1D-1CA7-4193-AB2F-D831F0A48BEE} = {7F938A2A-7C8D-4D91-A435-390A2C779492}
		{4832022F-D4EA-41A0-A19A-3340D57508C0} = {7F938A2A-7C8D-4D91-A435-390A2C779492}
		{C0638035-C201-48F5-A688-A7496371AD76} = {773E418A-4864-4B25-A174-2443C5E6B3D2}
		{DA75DB29-021F-46D2-8927-C8517EF49B18} = {7F938A2A-7C8D-4D91-A435-390A2C779492}
		{D91DA1F6-DB45-4B8B-A149-495C7A350C0B} = {7F938A2A-7C8D-4D91-A435-390A2C779492}
		{2CC86272-C76F-4EA0-9BBE-952C90387068} = {07881521-D8A0-4951-AE22-C3359980E255}
		{2C1FBF4D-56A8-4E1C-885F-CA0676F70429} = {07881521-D8A0-4951-AE22-C3359980E255}
		{C96833EA-5349-4660-BB45-0326335660F8} = {2C1FBF4D-56A8-4E1C-885F-CA0676F70429}
		{472F46CA-F99D-484A-AAF6-457696FA48D2} = {2CC86272-C76F-4EA0-9BBE-952C90387068}
		{6FE086FF-8440-41B3-A3C2-A5D7E810C0B7} = {2C1FBF4D-56A8-4E1C-885F-CA0676F70429}
	EndGlobalSection
	GlobalSection(ExtensibilityGlobals) = postSolution
		SolutionGuid = {988D328B-1CA3-458C-B0D3-98C79C6990B0}
	EndGlobalSection
EndGlobal
